{
  "requires": true,
  "lockfileVersion": 1,
  "dependencies": {
    "draggabilly": {
      "version": "2.1.1",
      "resolved": "https://registry.npmjs.org/draggabilly/-/draggabilly-2.1.1.tgz",
      "integrity": "sha1-OjGh+nPkzHHHWkv+qaz7La3gFyI=",
      "requires": {
        "get-size": "2.0.2",
        "unidragger": "2.1.0"
      }
    },
    "ev-emitter": {
      "version": "1.0.3",
      "resolved": "https://registry.npmjs.org/ev-emitter/-/ev-emitter-1.0.3.tgz",
      "integrity": "sha1-7l73S27SjZEbMt3L/JeGf1gJN7w="
    },
    "get-size": {
      "version": "2.0.2",
      "resolved": "https://registry.npmjs.org/get-size/-/get-size-2.0.2.tgz",
      "integrity": "sha1-VV6pirhzLgwCHp4j4iGa3L45jpg="
    },
    "md-date-time-picker": {
      "version": "2.3.0",
      "resolved": "https://registry.npmjs.org/md-date-time-picker/-/md-date-time-picker-2.3.0.tgz",
      "integrity": "sha1-sClQa/rmJR7hzEq7L+ls0UFzcyg=",
      "requires": {
        "draggabilly": "2.1.1",
        "moment": "2.20.1"
      }
    },
    "moment": {
      "version": "2.20.1",
      "resolved": "https://registry.npmjs.org/moment/-/moment-2.20.1.tgz",
      "integrity": "sha512-Yh9y73JRljxW5QxN08Fner68eFLxM5ynNOAw2LbIB1YAGeQzZT8QFSUvkAz609Zf+IHhhaUxqZK8dG3W/+HEvg=="
    },
    "unidragger": {
      "version": "2.1.0",
      "resolved": "https://registry.npmjs.org/unidragger/-/unidragger-2.1.0.tgz",
      "integrity": "sha1-5MI/X6uBiMY353bQs4EMfZieVWE=",
      "requires": {
        "unipointer": "2.1.0"
      }
    },
    "unipointer": {
      "version": "2.1.0",
      "resolved": "https://registry.npmjs.org/unipointer/-/unipointer-2.1.0.tgz",
      "integrity": "sha1-sen6KYbBMG2XMwWHukNNKFzP438=",
      "requires": {
        "ev-emitter": "1.0.3"
      }
    }
  }
}
